
Microsoft Visual Studio Solution File, Format Version 12.00
# Visual Studio Version 16
VisualStudioVersion = 16.0.30907.101
MinimumVisualStudioVersion = 10.0.40219.1
Project("{9A19103F-16F7-4668-BE54-9A1E7A4F7556}") = "DataAccess", "DataAccess\DataAccess.csproj", "{4632868D-2DE0-4118-BF3D-75C0E65EBB33}"
EndProject
Project("{9A19103F-16F7-4668-BE54-9A1E7A4F7556}") = "Business", "Business\Business.csproj", "{42003A58-6036-4D09-95CD-F54937E60DA6}"
EndProject
Project("{9A19103F-16F7-4668-BE54-9A1E7A4F7556}") = "Entities", "Entities\Entities.csproj", "{920C60C3-CC9A-4E2D-89F7-1BA183C02FE8}"
EndProject
Project("{9A19103F-16F7-4668-BE54-9A1E7A4F7556}") = "ConsoleUI", "ConsoleUI\ConsoleUI.csproj", "{56083712-CC81-4A26-A528-77A53659FA20}"
EndProject
Project("{9A19103F-16F7-4668-BE54-9A1E7A4F7556}") = "Core", "Core\Core.csproj", "{44086C58-D196-437B-8A42-A11378840314}"
EndProject
Project("{FAE04EC0-301F-11D3-BF4B-00C04F79EFBC}") = "WebAPI", "WebAPI\WebAPI.csproj", "{ACA7F553-B94E-4900-B103-C0708F6788F2}"
EndProject
Global
	GlobalSection(SolutionConfigurationPlatforms) = preSolution
		Debug|Any CPU = Debug|Any CPU
		Release|Any CPU = Release|Any CPU
	EndGlobalSection
	GlobalSection(ProjectConfigurationPlatforms) = postSolution
		{4632868D-2DE0-4118-BF3D-75C0E65EBB33}.Debug|Any CPU.ActiveCfg = Debug|Any CPU
		{4632868D-2DE0-4118-BF3D-75C0E65EBB33}.Debug|Any CPU.Build.0 = Debug|Any CPU
		{4632868D-2DE0-4118-BF3D-75C0E65EBB33}.Release|Any CPU.ActiveCfg = Release|Any CPU
		{4632868D-2DE0-4118-BF3D-75C0E65EBB33}.Release|Any CPU.Build.0 = Release|Any CPU
		{42003A58-6036-4D09-95CD-F54937E60DA6}.Debug|Any CPU.ActiveCfg = Debug|Any CPU
		{42003A58-6036-4D09-95CD-F54937E60DA6}.Debug|Any CPU.Build.0 = Debug|Any CPU
		{42003A58-6036-4D09-95CD-F54937E60DA6}.Release|Any CPU.ActiveCfg = Release|Any CPU
		{42003A58-6036-4D09-95CD-F54937E60DA6}.Release|Any CPU.Build.0 = Release|Any CPU
		{920C60C3-CC9A-4E2D-89F7-1BA183C02FE8}.Debug|Any CPU.ActiveCfg = Debug|Any CPU
		{920C60C3-CC9A-4E2D-89F7-1BA183C02FE8}.Debug|Any CPU.Build.0 = Debug|Any CPU
		{920C60C3-CC9A-4E2D-89F7-1BA183C02FE8}.Release|Any CPU.ActiveCfg = Release|Any CPU
		{920C60C3-CC9A-4E2D-89F7-1BA183C02FE8}.Release|Any CPU.Build.0 = Release|Any CPU
		{56083712-CC81-4A26-A528-77A53659FA20}.Debug|Any CPU.ActiveCfg = Debug|Any CPU
		{56083712-CC81-4A26-A528-77A53659FA20}.Debug|Any CPU.Build.0 = Debug|Any CPU
		{56083712-CC81-4A26-A528-77A53659FA20}.Release|Any CPU.ActiveCfg = Release|Any CPU
		{56083712-CC81-4A26-A528-77A53659FA20}.Release|Any CPU.Build.0 = Release|Any CPU
		{44086C58-D196-437B-8A42-A11378840314}.Debug|Any CPU.ActiveCfg = Debug|Any CPU
		{44086C58-D196-437B-8A42-A11378840314}.Debug|Any CPU.Build.0 = Debug|Any CPU
		{44086C58-D196-437B-8A42-A11378840314}.Release|Any CPU.ActiveCfg = Release|Any CPU
		{44086C58-D196-437B-8A42-A11378840314}.Release|Any CPU.Build.0 = Release|Any CPU
		{ACA7F553-B94E-4900-B103-C0708F6788F2}.Debug|Any CPU.ActiveCfg = Debug|Any CPU
		{ACA7F553-B94E-4900-B103-C0708F6788F2}.Debug|Any CPU.Build.0 = Debug|Any CPU
		{ACA7F553-B94E-4900-B103-C0708F6788F2}.Release|Any CPU.ActiveCfg = Release|Any CPU
		{ACA7F553-B94E-4900-B103-C0708F6788F2}.Release|Any CPU.Build.0 = Release|Any CPU
	EndGlobalSection
	GlobalSection(SolutionProperties) = preSolution
		HideSolutionNode = FALSE
	EndGlobalSection
	GlobalSection(ExtensibilityGlobals) = postSolution
		SolutionGuid = {82A584AE-C250-426B-B3B9-3F9DA424C4E2}
	EndGlobalSection
EndGlobal
